PODS:
  - Alamofire (4.8.2)
  - DITranquillity (3.6.3):
    - SwiftLazy
  - IGListKit (3.4.0):
    - IGListKit/Default (= 3.4.0)
  - IGListKit/Default (3.4.0):
    - IGListKit/Diffing
  - IGListKit/Diffing (3.4.0)
  - Kingfisher (5.3.0)
  - PinLayout (1.8.7)
  - RxAtomic (4.4.2)
  - RxCocoa (4.4.2):
    - RxSwift (>= 4.4.2, ~> 4.4)
  - RxSwift (4.4.2):
    - RxAtomic (>= 4.4.2, ~> 4.4)
  - SwiftLazy (1.1.3)

DEPENDENCIES:
  - Alamofire (= 4.8.2)
  - DITranquillity (= 3.6.3)
  - IGListKit (= 3.4.0)
  - Kingfisher (= 5.3.0)
  - PinLayout (= 1.8.7)
  - RxCocoa (= 4.4.2)
  - RxSwift (= 4.4.2)

SPEC REPOS:
  https://github.com/cocoapods/specs.git:
    - Alamofire
    - DITranquillity
    - IGListKit
    - Kingfisher
    - PinLayout
    - RxAtomic
    - RxCocoa
    - RxSwift
    - SwiftLazy

SPEC CHECKSUMS:
  Alamofire: ae5c501addb7afdbb13687d7f2f722c78734c2d3
  DITranquillity: 66ab5540e61e1884ba47c88c28f9fe628fc4b6b0
  IGListKit: 7a5d788e9fb746bcd402baa8e8b24bc3bd2a5a07
  Kingfisher: 4692c783ffb99e9e2e40a6eb3e518c3b96c6fa8c
  PinLayout: a0722a5c8f0e0168a9c091ffe4930dabf0c8582c
  RxAtomic: d00e97c10db88c6f08540e0bf2752fc5a2404167
  RxCocoa: 477990dc3b4c3ff55fb0ac77e1cc06244e0aaec8
  RxSwift: 74c29b693c8e42b0f64400e8b06564575742d649
  SwiftLazy: 7ace993ccc9e1773ddf3a7bb309ed0182f469366

PODFILE CHECKSUM: b37055b1c8e16091d5b25558b1259bc1a9c2cbc9

COCOAPODS: 1.5.3
